
Microsoft Visual Studio Solution File, Format Version 12.00
# Visual Studio Version 17
VisualStudioVersion = 17.1.32328.378
MinimumVisualStudioVersion = 10.0.40219.1
Project("{FAE04EC0-301F-11D3-BF4B-00C04F79EFBC}") = "SGPAPP", "SGPAPP\SGPAPP.csproj", "{B459982C-9B3A-41AE-99B1-1FB40124C38A}"
EndProject
Project("{FAE04EC0-301F-11D3-BF4B-00C04F79EFBC}") = "MailSenderController", "MailSenderController\MailSenderController\MailSenderController.csproj", "{C439535B-EB4B-435A-B446-A670A570943D}"
EndProject
Project("{FAE04EC0-301F-11D3-BF4B-00C04F79EFBC}") = "SGPPDFController", "SGPPDFController\SGPPDFController\SGPPDFController.csproj", "{E74790ED-E180-4CA7-A047-1CA21D83D175}"
EndProject
Global
	GlobalSection(SolutionConfigurationPlatforms) = preSolution
		Debug|Any CPU = Debug|Any CPU
		Release|Any CPU = Release|Any CPU
	EndGlobalSection
	GlobalSection(ProjectConfigurationPlatforms) = postSolution
		{B459982C-9B3A-41AE-99B1-1FB40124C38A}.Debug|Any CPU.ActiveCfg = Debug|Any CPU
		{B459982C-9B3A-41AE-99B1-1FB40124C38A}.Debug|Any CPU.Build.0 = Debug|Any CPU
		{B459982C-9B3A-41AE-99B1-1FB40124C38A}.Release|Any CPU.ActiveCfg = Release|Any CPU
		{B459982C-9B3A-41AE-99B1-1FB40124C38A}.Release|Any CPU.Build.0 = Release|Any CPU
		{C439535B-EB4B-435A-B446-A670A570943D}.Debug|Any CPU.ActiveCfg = Debug|Any CPU
		{C439535B-EB4B-435A-B446-A670A570943D}.Debug|Any CPU.Build.0 = Debug|Any CPU
		{C439535B-EB4B-435A-B446-A670A570943D}.Release|Any CPU.ActiveCfg = Release|Any CPU
		{C439535B-EB4B-435A-B446-A670A570943D}.Release|Any CPU.Build.0 = Release|Any CPU
		{E74790ED-E180-4CA7-A047-1CA21D83D175}.Debug|Any CPU.ActiveCfg = Debug|Any CPU
		{E74790ED-E180-4CA7-A047-1CA21D83D175}.Debug|Any CPU.Build.0 = Debug|Any CPU
		{E74790ED-E180-4CA7-A047-1CA21D83D175}.Release|Any CPU.ActiveCfg = Release|Any CPU
		{E74790ED-E180-4CA7-A047-1CA21D83D175}.Release|Any CPU.Build.0 = Release|Any CPU
	EndGlobalSection
	GlobalSection(SolutionProperties) = preSolution
		HideSolutionNode = FALSE
	EndGlobalSection
	GlobalSection(ExtensibilityGlobals) = postSolution
		SolutionGuid = {B48E3D00-B6BF-452F-8C53-1A8D802320A4}
	EndGlobalSection
EndGlobal
