
Microsoft Visual Studio Solution File, Format Version 12.00
# Visual Studio Version 17
VisualStudioVersion = 17.1.32328.378
MinimumVisualStudioVersion = 10.0.40219.1
Project("{FAE04EC0-301F-11D3-BF4B-00C04F79EFBC}") = "MailSenderController", "MailSenderController\MailSenderController.csproj", "{C439535B-EB4B-435A-B446-A670A570943D}"
EndProject
Global
	GlobalSection(SolutionConfigurationPlatforms) = preSolution
		Debug|Any CPU = Debug|Any CPU
		Release|Any CPU = Release|Any CPU
	EndGlobalSection
	GlobalSection(ProjectConfigurationPlatforms) = postSolution
		{C439535B-EB4B-435A-B446-A670A570943D}.Debug|Any CPU.ActiveCfg = Debug|Any CPU
		{C439535B-EB4B-435A-B446-A670A570943D}.Debug|Any CPU.Build.0 = Debug|Any CPU
		{C439535B-EB4B-435A-B446-A670A570943D}.Release|Any CPU.ActiveCfg = Release|Any CPU
		{C439535B-EB4B-435A-B446-A670A570943D}.Release|Any CPU.Build.0 = Release|Any CPU
	EndGlobalSection
	GlobalSection(SolutionProperties) = preSolution
		HideSolutionNode = FALSE
	EndGlobalSection
	GlobalSection(ExtensibilityGlobals) = postSolution
		SolutionGuid = {5B30D3E2-8DBD-4C27-BE33-BCAC20DFC840}
	EndGlobalSection
EndGlobal
